
Microsoft Visual Studio Solution File, Format Version 12.00
# Visual Studio Version 16
VisualStudioVersion = 16.0.30611.23
MinimumVisualStudioVersion = 10.0.40219.1
Project("{FAE04EC0-301F-11D3-BF4B-00C04F79EFBC}") = "FootballStadion", "FootballStadion\FootballStadion.csproj", "{6EDE4D6A-C2E8-4BBA-AA12-63F381F33060}"
EndProject
Global
	GlobalSection(SolutionConfigurationPlatforms) = preSolution
		Debug|Any CPU = Debug|Any CPU
		Release|Any CPU = Release|Any CPU
	EndGlobalSection
	GlobalSection(ProjectConfigurationPlatforms) = postSolution
		{6EDE4D6A-C2E8-4BBA-AA12-63F381F33060}.Debug|Any CPU.ActiveCfg = Debug|Any CPU
		{6EDE4D6A-C2E8-4BBA-AA12-63F381F33060}.Debug|Any CPU.Build.0 = Debug|Any CPU
		{6EDE4D6A-C2E8-4BBA-AA12-63F381F33060}.Release|Any CPU.ActiveCfg = Release|Any CPU
		{6EDE4D6A-C2E8-4BBA-AA12-63F381F33060}.Release|Any CPU.Build.0 = Release|Any CPU
	EndGlobalSection
	GlobalSection(SolutionProperties) = preSolution
		HideSolutionNode = FALSE
	EndGlobalSection
	GlobalSection(ExtensibilityGlobals) = postSolution
		SolutionGuid = {E1EC3D03-2E55-43F0-A6D7-7AE91D28B833}
	EndGlobalSection
EndGlobal
